
Microsoft Visual Studio Solution File, Format Version 12.00
# Visual Studio Version 16
VisualStudioVersion = 16.0.29215.179
MinimumVisualStudioVersion = 10.0.40219.1
Project("{FAE04EC0-301F-11D3-BF4B-00C04F79EFBC}") = "WireDrawingCalc", "WireDrawingCalc\WireDrawingCalc.csproj", "{57DF6443-6F16-43DD-9799-4F3BDA55F212}"
EndProject
Project("{FAE04EC0-301F-11D3-BF4B-00C04F79EFBC}") = "CalcService", "CalcService\CalcService.csproj", "{338C38C9-06D2-4759-A353-5C6DFCC50531}"
EndProject
Project("{FAE04EC0-301F-11D3-BF4B-00C04F79EFBC}") = "CalcTests", "CalcTests\CalcTests.csproj", "{C3625372-8FAA-4F93-BCE1-A9ADC508D6A5}"
EndProject
Global
	GlobalSection(SolutionConfigurationPlatforms) = preSolution
		Debug|Any CPU = Debug|Any CPU
		Release|Any CPU = Release|Any CPU
	EndGlobalSection
	GlobalSection(ProjectConfigurationPlatforms) = postSolution
		{57DF6443-6F16-43DD-9799-4F3BDA55F212}.Debug|Any CPU.ActiveCfg = Debug|Any CPU
		{57DF6443-6F16-43DD-9799-4F3BDA55F212}.Debug|Any CPU.Build.0 = Debug|Any CPU
		{57DF6443-6F16-43DD-9799-4F3BDA55F212}.Release|Any CPU.ActiveCfg = Release|Any CPU
		{57DF6443-6F16-43DD-9799-4F3BDA55F212}.Release|Any CPU.Build.0 = Release|Any CPU
		{338C38C9-06D2-4759-A353-5C6DFCC50531}.Debug|Any CPU.ActiveCfg = Debug|Any CPU
		{338C38C9-06D2-4759-A353-5C6DFCC50531}.Debug|Any CPU.Build.0 = Debug|Any CPU
		{338C38C9-06D2-4759-A353-5C6DFCC50531}.Release|Any CPU.ActiveCfg = Release|Any CPU
		{338C38C9-06D2-4759-A353-5C6DFCC50531}.Release|Any CPU.Build.0 = Release|Any CPU
		{C3625372-8FAA-4F93-BCE1-A9ADC508D6A5}.Debug|Any CPU.ActiveCfg = Debug|Any CPU
		{C3625372-8FAA-4F93-BCE1-A9ADC508D6A5}.Debug|Any CPU.Build.0 = Debug|Any CPU
		{C3625372-8FAA-4F93-BCE1-A9ADC508D6A5}.Release|Any CPU.ActiveCfg = Release|Any CPU
		{C3625372-8FAA-4F93-BCE1-A9ADC508D6A5}.Release|Any CPU.Build.0 = Release|Any CPU
	EndGlobalSection
	GlobalSection(SolutionProperties) = preSolution
		HideSolutionNode = FALSE
	EndGlobalSection
	GlobalSection(ExtensibilityGlobals) = postSolution
		SolutionGuid = {78328DD4-12FD-40A9-BEC6-8300B13B7BC5}
	EndGlobalSection
EndGlobal
